
Microsoft Visual Studio Solution File, Format Version 12.00
# Visual Studio Version 16
VisualStudioVersion = 25.0.1700.0
MinimumVisualStudioVersion = 10.0.40219.1
Project("{FAE04EC0-301F-11D3-BF4B-00C04F79EFBC}") = "CustomersWebAPI", "CustomersWebAPI\CustomersWebAPI.csproj", "{7BC100D7-8323-46F7-99A4-7A58725DBDE7}"
EndProject
Project("{FAE04EC0-301F-11D3-BF4B-00C04F79EFBC}") = "DAL", "DAL\DAL.csproj", "{13A1CA07-678A-4B7C-ABE4-8E6AB78F248B}"
EndProject
Project("{FAE04EC0-301F-11D3-BF4B-00C04F79EFBC}") = "Entities", "Entities\Entities.csproj", "{BE833F50-F12D-4BB9-BE68-EC47A4ED7B27}"
EndProject
Global
	GlobalSection(SolutionConfigurationPlatforms) = preSolution
		Debug|Any CPU = Debug|Any CPU
		Release|Any CPU = Release|Any CPU
	EndGlobalSection
	GlobalSection(ProjectConfigurationPlatforms) = postSolution
		{7BC100D7-8323-46F7-99A4-7A58725DBDE7}.Debug|Any CPU.ActiveCfg = Debug|Any CPU
		{7BC100D7-8323-46F7-99A4-7A58725DBDE7}.Debug|Any CPU.Build.0 = Debug|Any CPU
		{7BC100D7-8323-46F7-99A4-7A58725DBDE7}.Release|Any CPU.ActiveCfg = Release|Any CPU
		{7BC100D7-8323-46F7-99A4-7A58725DBDE7}.Release|Any CPU.Build.0 = Release|Any CPU
		{13A1CA07-678A-4B7C-ABE4-8E6AB78F248B}.Debug|Any CPU.ActiveCfg = Debug|Any CPU
		{13A1CA07-678A-4B7C-ABE4-8E6AB78F248B}.Debug|Any CPU.Build.0 = Debug|Any CPU
		{13A1CA07-678A-4B7C-ABE4-8E6AB78F248B}.Release|Any CPU.ActiveCfg = Release|Any CPU
		{13A1CA07-678A-4B7C-ABE4-8E6AB78F248B}.Release|Any CPU.Build.0 = Release|Any CPU
		{BE833F50-F12D-4BB9-BE68-EC47A4ED7B27}.Debug|Any CPU.ActiveCfg = Debug|Any CPU
		{BE833F50-F12D-4BB9-BE68-EC47A4ED7B27}.Debug|Any CPU.Build.0 = Debug|Any CPU
		{BE833F50-F12D-4BB9-BE68-EC47A4ED7B27}.Release|Any CPU.ActiveCfg = Release|Any CPU
		{BE833F50-F12D-4BB9-BE68-EC47A4ED7B27}.Release|Any CPU.Build.0 = Release|Any CPU
	EndGlobalSection
	GlobalSection(SolutionProperties) = preSolution
		HideSolutionNode = FALSE
	EndGlobalSection
	GlobalSection(ExtensibilityGlobals) = postSolution
		SolutionGuid = {D3FC0BEC-A385-4B56-8749-6ABBA0F47B66}
	EndGlobalSection
EndGlobal
